<?xml version="1.0" encoding="utf-8"?>
<Project ToolsVersion="4.0" xmlns="http://schemas.microsoft.com/developer/msbuild/2003">
  <ItemGroup>
    <ClInclude Include="framework.h" />
    <ClInclude Include="LoadScenes.h">
      <Filter>Contents\Load</Filter>
    </ClInclude>
    <ClInclude Include="CreateMaterial.h">
      <Filter>Contents\Load</Filter>
    </ClInclude>
    <ClInclude Include="yaCameraScript.h">
      <Filter>Contents\Script</Filter>
    </ClInclude>
    <ClInclude Include="yaPlayerScript.h">
      <Filter>Contents\Script</Filter>
    </ClInclude>
    <ClInclude Include="yaTitleScene.h">
      <Filter>Contents\Scene</Filter>
    </ClInclude>
    <ClInclude Include="yaPlayScene.h">
      <Filter>Contents\Scene</Filter>
    </ClInclude>
    <ClInclude Include="yaMainCamera.h">
      <Filter>Contents\GameObject\Camera</Filter>
    </ClInclude>
    <ClInclude Include="yaUICamera.h">
      <Filter>Contents\GameObject\Camera</Filter>
    </ClInclude>
    <ClInclude Include="yaGridScript.h">
      <Filter>Contents\Script</Filter>
    </ClInclude>
    <ClInclude Include="yaToolScene.h">
      <Filter>Contents\Scene</Filter>
    </ClInclude>
    <ClInclude Include="yaDog.h">
      <Filter>Contents\GameObject</Filter>
    </ClInclude>
    <ClInclude Include="yaPlayer.h">
      <Filter>Contents\GameObject</Filter>
    </ClInclude>
    <ClInclude Include="hoCursor.h">
      <Filter>Contents\GameObject\Cursor</Filter>
    </ClInclude>
    <ClInclude Include="yaBackGround.h">
      <Filter>Contents\GameObject\BackGround\Base</Filter>
    </ClInclude>
    <ClInclude Include="yaUI.h">
      <Filter>Contents\GameObject\UI\Base</Filter>
    </ClInclude>
    <ClInclude Include="yaGrid.h">
      <Filter>Contents\GameObject</Filter>
    </ClInclude>
    <ClInclude Include="yaTileScript.h">
      <Filter>Contents\Script</Filter>
    </ClInclude>
    <ClInclude Include="haWorldCursor.h">
      <Filter>Contents\GameObject\Cursor</Filter>
    </ClInclude>
    <ClInclude Include="yaLobbyScene.h">
      <Filter>Contents\Scene</Filter>
    </ClInclude>
  </ItemGroup>
  <ItemGroup>
    <ClCompile Include="MohEngine.cpp">
      <Filter>Contents</Filter>
    </ClCompile>
    <ClCompile Include="yaCameraScript.cpp">
      <Filter>Contents\Script</Filter>
    </ClCompile>
    <ClCompile Include="yaPlayerScript.cpp">
      <Filter>Contents\Script</Filter>
    </ClCompile>
    <ClCompile Include="yaPlayScene.cpp">
      <Filter>Contents\Scene</Filter>
    </ClCompile>
    <ClCompile Include="yaTitleScene.cpp">
      <Filter>Contents\Scene</Filter>
    </ClCompile>
    <ClCompile Include="yaMainCamera.cpp">
      <Filter>Contents\GameObject\Camera</Filter>
    </ClCompile>
    <ClCompile Include="yaUICamera.cpp">
      <Filter>Contents\GameObject\Camera</Filter>
    </ClCompile>
    <ClCompile Include="yaGridScript.cpp">
      <Filter>Contents\Script</Filter>
    </ClCompile>
    <ClCompile Include="yaToolScene.cpp">
      <Filter>Contents\Scene</Filter>
    </ClCompile>
    <ClCompile Include="yaDog.cpp">
      <Filter>Contents\GameObject</Filter>
    </ClCompile>
    <ClCompile Include="yaPlayer.cpp">
      <Filter>Contents\GameObject</Filter>
    </ClCompile>
    <ClCompile Include="hoCursor.cpp">
      <Filter>Contents\GameObject\Cursor</Filter>
    </ClCompile>
    <ClCompile Include="yaBackGround.cpp">
      <Filter>Contents\GameObject\BackGround\Base</Filter>
    </ClCompile>
    <ClCompile Include="yaUI.cpp">
      <Filter>Contents\GameObject\UI\Base</Filter>
    </ClCompile>
    <ClCompile Include="yaGrid.cpp">
      <Filter>Contents\GameObject</Filter>
    </ClCompile>
    <ClCompile Include="yaTileScript.cpp">
      <Filter>Contents\Script</Filter>
    </ClCompile>
    <ClCompile Include="haWorldCursor.cpp">
      <Filter>Contents\GameObject\Cursor</Filter>
    </ClCompile>
    <ClCompile Include="yaLobbyScene.cpp">
      <Filter>Contents\Scene</Filter>
    </ClCompile>
  </ItemGroup>
  <ItemGroup>
    <Filter Include="Contents">
      <UniqueIdentifier>{e3cdbfc5-3274-49d1-a418-a77d55cb0881}</UniqueIdentifier>
    </Filter>
    <Filter Include="Contents\Load">
      <UniqueIdentifier>{f9f5670f-2139-4dbc-899b-1cb93be5428a}</UniqueIdentifier>
    </Filter>
    <Filter Include="Contents\Scene">
      <UniqueIdentifier>{d5ad42bb-c6e5-4326-b44f-bc22d92da864}</UniqueIdentifier>
    </Filter>
    <Filter Include="Contents\Script">
      <UniqueIdentifier>{21ee4e4d-57d8-4aa8-abce-17608dfdbfcf}</UniqueIdentifier>
    </Filter>
    <Filter Include="Contents\GameObject">
      <UniqueIdentifier>{ebb191ca-2029-40ac-8f69-999042b9a0b8}</UniqueIdentifier>
    </Filter>
    <Filter Include="Contents\GameObject\Camera">
      <UniqueIdentifier>{cb24e935-f25d-4c71-a6d2-bb87e96f6005}</UniqueIdentifier>
    </Filter>
    <Filter Include="Contents\GameObject\Cursor">
      <UniqueIdentifier>{e1e66834-dd95-41c3-94fe-eacd3e942613}</UniqueIdentifier>
    </Filter>
    <Filter Include="Contents\GameObject\BackGround">
      <UniqueIdentifier>{ef2901e3-4d62-4ee2-96e0-0d4f3ee355d8}</UniqueIdentifier>
    </Filter>
    <Filter Include="Contents\GameObject\BackGround\Base">
      <UniqueIdentifier>{55e06ea9-a205-4a83-9ffd-ca946489ea82}</UniqueIdentifier>
    </Filter>
    <Filter Include="Contents\GameObject\UI">
      <UniqueIdentifier>{6270e3e2-ec7d-4422-ab23-74322b623a52}</UniqueIdentifier>
    </Filter>
    <Filter Include="Contents\GameObject\UI\Base">
      <UniqueIdentifier>{2f7493c1-b21e-4c98-b5a6-152086f9644e}</UniqueIdentifier>
    </Filter>
  </ItemGroup>
</Project>