<?xml version="1.0" encoding="utf-8"?>
<Project ToolsVersion="4.0" xmlns="http://schemas.microsoft.com/developer/msbuild/2003">
  <ItemGroup>
    <ClInclude Include="framework.h" />
    <ClInclude Include="yaDog.h">
      <Filter>Contents</Filter>
    </ClInclude>
    <ClInclude Include="yaPlayer.h">
      <Filter>Contents</Filter>
    </ClInclude>
    <ClInclude Include="LoadScenes.h">
      <Filter>Contents\Load</Filter>
    </ClInclude>
    <ClInclude Include="CreateMaterial.h">
      <Filter>Contents\Load</Filter>
    </ClInclude>
    <ClInclude Include="yaCameraScript.h">
      <Filter>Contents\Script</Filter>
    </ClInclude>
    <ClInclude Include="yaPlayerScript.h">
      <Filter>Contents\Script</Filter>
    </ClInclude>
    <ClInclude Include="yaTitleScene.h">
      <Filter>Contents\Scene</Filter>
    </ClInclude>
    <ClInclude Include="yaPlayScene.h">
      <Filter>Contents\Scene</Filter>
    </ClInclude>
    <ClInclude Include="yaBackGround.h">
      <Filter>Contents\GameObject</Filter>
    </ClInclude>
    <ClInclude Include="hoCursor.h">
      <Filter>Contents\GameObject</Filter>
    </ClInclude>
    <ClInclude Include="yaMainCamera.h">
      <Filter>Contents\GameObject\Camera</Filter>
    </ClInclude>
    <ClInclude Include="yaUICamera.h">
      <Filter>Contents\GameObject\Camera</Filter>
    </ClInclude>
  </ItemGroup>
  <ItemGroup>
    <ClCompile Include="MohEngine.cpp">
      <Filter>Contents</Filter>
    </ClCompile>
    <ClCompile Include="yaDog.cpp">
      <Filter>Contents</Filter>
    </ClCompile>
    <ClCompile Include="yaPlayer.cpp">
      <Filter>Contents</Filter>
    </ClCompile>
    <ClCompile Include="yaCameraScript.cpp">
      <Filter>Contents\Script</Filter>
    </ClCompile>
    <ClCompile Include="yaPlayerScript.cpp">
      <Filter>Contents\Script</Filter>
    </ClCompile>
    <ClCompile Include="yaPlayScene.cpp">
      <Filter>Contents\Scene</Filter>
    </ClCompile>
    <ClCompile Include="yaTitleScene.cpp">
      <Filter>Contents\Scene</Filter>
    </ClCompile>
    <ClCompile Include="yaBackGround.cpp">
      <Filter>Contents\GameObject</Filter>
    </ClCompile>
    <ClCompile Include="hoCursor.cpp">
      <Filter>Contents\GameObject</Filter>
    </ClCompile>
    <ClCompile Include="yaMainCamera.cpp">
      <Filter>Contents\GameObject\Camera</Filter>
    </ClCompile>
    <ClCompile Include="yaUICamera.cpp">
      <Filter>Contents\GameObject\Camera</Filter>
    </ClCompile>
  </ItemGroup>
  <ItemGroup>
    <Filter Include="Contents">
      <UniqueIdentifier>{e3cdbfc5-3274-49d1-a418-a77d55cb0881}</UniqueIdentifier>
    </Filter>
    <Filter Include="Contents\Load">
      <UniqueIdentifier>{f9f5670f-2139-4dbc-899b-1cb93be5428a}</UniqueIdentifier>
    </Filter>
    <Filter Include="Contents\Scene">
      <UniqueIdentifier>{d5ad42bb-c6e5-4326-b44f-bc22d92da864}</UniqueIdentifier>
    </Filter>
    <Filter Include="Contents\Script">
      <UniqueIdentifier>{21ee4e4d-57d8-4aa8-abce-17608dfdbfcf}</UniqueIdentifier>
    </Filter>
    <Filter Include="Contents\GameObject">
      <UniqueIdentifier>{ebb191ca-2029-40ac-8f69-999042b9a0b8}</UniqueIdentifier>
    </Filter>
    <Filter Include="Contents\GameObject\Camera">
      <UniqueIdentifier>{cb24e935-f25d-4c71-a6d2-bb87e96f6005}</UniqueIdentifier>
    </Filter>
  </ItemGroup>
</Project>